
Microsoft Visual Studio Solution File, Format Version 12.00
# Visual Studio Version 16
VisualStudioVersion = 16.0.31205.134
MinimumVisualStudioVersion = 10.0.40219.1
Project("{9A19103F-16F7-4668-BE54-9A1E7A4F7556}") = "MwStakingSol.Contracts", "MwStakingSol.Contracts.csproj", "{D8159C2E-59BA-490B-B9F5-A2B540052E8F}"
EndProject
Project("{9A19103F-16F7-4668-BE54-9A1E7A4F7556}") = "Sol.Contracts", "..\..\..\source\repos\long-legged-dockworker\sol\Sol.Contracts.csproj", "{801E3DC0-6E0B-43C1-B5F6-093A44C7C3BF}"
EndProject
Global
	GlobalSection(SolutionConfigurationPlatforms) = preSolution
		Debug|Any CPU = Debug|Any CPU
		Release|Any CPU = Release|Any CPU
	EndGlobalSection
	GlobalSection(ProjectConfigurationPlatforms) = postSolution
		{D8159C2E-59BA-490B-B9F5-A2B540052E8F}.Debug|Any CPU.ActiveCfg = Debug|Any CPU
		{D8159C2E-59BA-490B-B9F5-A2B540052E8F}.Debug|Any CPU.Build.0 = Debug|Any CPU
		{D8159C2E-59BA-490B-B9F5-A2B540052E8F}.Release|Any CPU.ActiveCfg = Release|Any CPU
		{D8159C2E-59BA-490B-B9F5-A2B540052E8F}.Release|Any CPU.Build.0 = Release|Any CPU
		{801E3DC0-6E0B-43C1-B5F6-093A44C7C3BF}.Debug|Any CPU.ActiveCfg = Debug|Any CPU
		{801E3DC0-6E0B-43C1-B5F6-093A44C7C3BF}.Debug|Any CPU.Build.0 = Debug|Any CPU
		{801E3DC0-6E0B-43C1-B5F6-093A44C7C3BF}.Release|Any CPU.ActiveCfg = Release|Any CPU
		{801E3DC0-6E0B-43C1-B5F6-093A44C7C3BF}.Release|Any CPU.Build.0 = Release|Any CPU
	EndGlobalSection
	GlobalSection(SolutionProperties) = preSolution
		HideSolutionNode = FALSE
	EndGlobalSection
	GlobalSection(ExtensibilityGlobals) = postSolution
		SolutionGuid = {3E75D966-9A63-4E02-AF6C-85CD033671D3}
	EndGlobalSection
EndGlobal
